
Microsoft Visual Studio Solution File, Format Version 12.00
# Blend for Visual Studio 15
VisualStudioVersion = 15.0.27428.1
MinimumVisualStudioVersion = 10.0.40219.1
Project("{FAE04EC0-301F-11D3-BF4B-00C04F79EFBC}") = "MyList", "MyList\MyList.csproj", "{592954CE-72B3-4DFB-8DE1-69F264179559}"
EndProject
Project("{FAE04EC0-301F-11D3-BF4B-00C04F79EFBC}") = "DataAccessLibrary", "DataAccessLibrary\DataAccessLibrary.csproj", "{4956B844-A6CE-4A7F-819E-E15493410192}"
EndProject
Global
	GlobalSection(SolutionConfigurationPlatforms) = preSolution
		Debug|Any CPU = Debug|Any CPU
		Debug|ARM = Debug|ARM
		Debug|x64 = Debug|x64
		Debug|x86 = Debug|x86
		Release|Any CPU = Release|Any CPU
		Release|ARM = Release|ARM
		Release|x64 = Release|x64
		Release|x86 = Release|x86
	EndGlobalSection
	GlobalSection(ProjectConfigurationPlatforms) = postSolution
		{592954CE-72B3-4DFB-8DE1-69F264179559}.Debug|Any CPU.ActiveCfg = Debug|x86
		{592954CE-72B3-4DFB-8DE1-69F264179559}.Debug|ARM.ActiveCfg = Debug|ARM
		{592954CE-72B3-4DFB-8DE1-69F264179559}.Debug|ARM.Build.0 = Debug|ARM
		{592954CE-72B3-4DFB-8DE1-69F264179559}.Debug|ARM.Deploy.0 = Debug|ARM
		{592954CE-72B3-4DFB-8DE1-69F264179559}.Debug|x64.ActiveCfg = Debug|x64
		{592954CE-72B3-4DFB-8DE1-69F264179559}.Debug|x64.Build.0 = Debug|x64
		{592954CE-72B3-4DFB-8DE1-69F264179559}.Debug|x64.Deploy.0 = Debug|x64
		{592954CE-72B3-4DFB-8DE1-69F264179559}.Debug|x86.ActiveCfg = Debug|x86
		{592954CE-72B3-4DFB-8DE1-69F264179559}.Debug|x86.Build.0 = Debug|x86
		{592954CE-72B3-4DFB-8DE1-69F264179559}.Debug|x86.Deploy.0 = Debug|x86
		{592954CE-72B3-4DFB-8DE1-69F264179559}.Release|Any CPU.ActiveCfg = Release|x86
		{592954CE-72B3-4DFB-8DE1-69F264179559}.Release|ARM.ActiveCfg = Release|ARM
		{592954CE-72B3-4DFB-8DE1-69F264179559}.Release|ARM.Build.0 = Release|ARM
		{592954CE-72B3-4DFB-8DE1-69F264179559}.Release|ARM.Deploy.0 = Release|ARM
		{592954CE-72B3-4DFB-8DE1-69F264179559}.Release|x64.ActiveCfg = Release|x64
		{592954CE-72B3-4DFB-8DE1-69F264179559}.Release|x64.Build.0 = Release|x64
		{592954CE-72B3-4DFB-8DE1-69F264179559}.Release|x64.Deploy.0 = Release|x64
		{592954CE-72B3-4DFB-8DE1-69F264179559}.Release|x86.ActiveCfg = Release|x86
		{592954CE-72B3-4DFB-8DE1-69F264179559}.Release|x86.Build.0 = Release|x86
		{592954CE-72B3-4DFB-8DE1-69F264179559}.Release|x86.Deploy.0 = Release|x86
		{4956B844-A6CE-4A7F-819E-E15493410192}.Debug|Any CPU.ActiveCfg = Debug|Any CPU
		{4956B844-A6CE-4A7F-819E-E15493410192}.Debug|Any CPU.Build.0 = Debug|Any CPU
		{4956B844-A6CE-4A7F-819E-E15493410192}.Debug|ARM.ActiveCfg = Debug|Any CPU
		{4956B844-A6CE-4A7F-819E-E15493410192}.Debug|ARM.Build.0 = Debug|Any CPU
		{4956B844-A6CE-4A7F-819E-E15493410192}.Debug|x64.ActiveCfg = Debug|Any CPU
		{4956B844-A6CE-4A7F-819E-E15493410192}.Debug|x64.Build.0 = Debug|Any CPU
		{4956B844-A6CE-4A7F-819E-E15493410192}.Debug|x86.ActiveCfg = Debug|Any CPU
		{4956B844-A6CE-4A7F-819E-E15493410192}.Debug|x86.Build.0 = Debug|Any CPU
		{4956B844-A6CE-4A7F-819E-E15493410192}.Release|Any CPU.ActiveCfg = Release|Any CPU
		{4956B844-A6CE-4A7F-819E-E15493410192}.Release|Any CPU.Build.0 = Release|Any CPU
		{4956B844-A6CE-4A7F-819E-E15493410192}.Release|ARM.ActiveCfg = Release|Any CPU
		{4956B844-A6CE-4A7F-819E-E15493410192}.Release|ARM.Build.0 = Release|Any CPU
		{4956B844-A6CE-4A7F-819E-E15493410192}.Release|x64.ActiveCfg = Release|Any CPU
		{4956B844-A6CE-4A7F-819E-E15493410192}.Release|x64.Build.0 = Release|Any CPU
		{4956B844-A6CE-4A7F-819E-E15493410192}.Release|x86.ActiveCfg = Release|Any CPU
		{4956B844-A6CE-4A7F-819E-E15493410192}.Release|x86.Build.0 = Release|Any CPU
	EndGlobalSection
	GlobalSection(SolutionProperties) = preSolution
		HideSolutionNode = FALSE
	EndGlobalSection
	GlobalSection(ExtensibilityGlobals) = postSolution
		SolutionGuid = {F05A2349-1490-4E55-91DB-CA46A7860031}
	EndGlobalSection
EndGlobal
